
Microsoft Visual Studio Solution File, Format Version 12.00
# Visual Studio Version 16
VisualStudioVersion = 16.0.33801.447
MinimumVisualStudioVersion = 10.0.40219.1
Project("{FAE04EC0-301F-11D3-BF4B-00C04F79EFBC}") = "11_MethodChalleApp", "11_MethodChalleApp\11_MethodChalleApp.csproj", "{D9E0C265-48C2-4A39-AE31-BCD288693D4C}"
EndProject
Global
	GlobalSection(SolutionConfigurationPlatforms) = preSolution
		Debug|Any CPU = Debug|Any CPU
		Release|Any CPU = Release|Any CPU
	EndGlobalSection
	GlobalSection(ProjectConfigurationPlatforms) = postSolution
		{D9E0C265-48C2-4A39-AE31-BCD288693D4C}.Debug|Any CPU.ActiveCfg = Debug|Any CPU
		{D9E0C265-48C2-4A39-AE31-BCD288693D4C}.Debug|Any CPU.Build.0 = Debug|Any CPU
		{D9E0C265-48C2-4A39-AE31-BCD288693D4C}.Release|Any CPU.ActiveCfg = Release|Any CPU
		{D9E0C265-48C2-4A39-AE31-BCD288693D4C}.Release|Any CPU.Build.0 = Release|Any CPU
	EndGlobalSection
	GlobalSection(SolutionProperties) = preSolution
		HideSolutionNode = FALSE
	EndGlobalSection
	GlobalSection(ExtensibilityGlobals) = postSolution
		SolutionGuid = {CCBD1709-96C8-42FA-9CFF-85D0840D3483}
	EndGlobalSection
EndGlobal
