
Microsoft Visual Studio Solution File, Format Version 12.00
# Visual Studio Version 16
VisualStudioVersion = 16.0.33801.447
MinimumVisualStudioVersion = 10.0.40219.1
Project("{FAE04EC0-301F-11D3-BF4B-00C04F79EFBC}") = "13_ArrayAppChallange", "13_ArrayAppChallange\13_ArrayAppChallange.csproj", "{216BA381-FACA-47DD-9ADC-D79133E483BC}"
EndProject
Global
	GlobalSection(SolutionConfigurationPlatforms) = preSolution
		Debug|Any CPU = Debug|Any CPU
		Release|Any CPU = Release|Any CPU
	EndGlobalSection
	GlobalSection(ProjectConfigurationPlatforms) = postSolution
		{216BA381-FACA-47DD-9ADC-D79133E483BC}.Debug|Any CPU.ActiveCfg = Debug|Any CPU
		{216BA381-FACA-47DD-9ADC-D79133E483BC}.Debug|Any CPU.Build.0 = Debug|Any CPU
		{216BA381-FACA-47DD-9ADC-D79133E483BC}.Release|Any CPU.ActiveCfg = Release|Any CPU
		{216BA381-FACA-47DD-9ADC-D79133E483BC}.Release|Any CPU.Build.0 = Release|Any CPU
	EndGlobalSection
	GlobalSection(SolutionProperties) = preSolution
		HideSolutionNode = FALSE
	EndGlobalSection
	GlobalSection(ExtensibilityGlobals) = postSolution
		SolutionGuid = {90B4E52B-C68C-4ABF-83F5-827F443CBD46}
	EndGlobalSection
EndGlobal
