
Microsoft Visual Studio Solution File, Format Version 12.00
# Visual Studio Version 16
VisualStudioVersion = 16.0.33801.447
MinimumVisualStudioVersion = 10.0.40219.1
Project("{FAE04EC0-301F-11D3-BF4B-00C04F79EFBC}") = "VariableApp", "VariableApp\VariableApp.csproj", "{221BFAB1-1E1F-409D-92ED-7929EC95E5E8}"
EndProject
Global
	GlobalSection(SolutionConfigurationPlatforms) = preSolution
		Debug|Any CPU = Debug|Any CPU
		Release|Any CPU = Release|Any CPU
	EndGlobalSection
	GlobalSection(ProjectConfigurationPlatforms) = postSolution
		{221BFAB1-1E1F-409D-92ED-7929EC95E5E8}.Debug|Any CPU.ActiveCfg = Debug|Any CPU
		{221BFAB1-1E1F-409D-92ED-7929EC95E5E8}.Debug|Any CPU.Build.0 = Debug|Any CPU
		{221BFAB1-1E1F-409D-92ED-7929EC95E5E8}.Release|Any CPU.ActiveCfg = Release|Any CPU
		{221BFAB1-1E1F-409D-92ED-7929EC95E5E8}.Release|Any CPU.Build.0 = Release|Any CPU
	EndGlobalSection
	GlobalSection(SolutionProperties) = preSolution
		HideSolutionNode = FALSE
	EndGlobalSection
	GlobalSection(ExtensibilityGlobals) = postSolution
		SolutionGuid = {67081597-A62D-487B-9BA1-8914492A8A19}
	EndGlobalSection
EndGlobal
